// !$*UTF8*$!
{
	archiveVersion = 1;
	classes = {
	};
	objectVersion = 56;
	objects = {

/* Begin PBXBuildFile section */
		C92291E22A8F8235006B7930 /* AppDelegate.swift in Sources */ = {isa = PBXBuildFile; fileRef = C92291E12A8F8235006B7930 /* AppDelegate.swift */; };
		C92291E42A8F8235006B7930 /* SceneDelegate.swift in Sources */ = {isa = PBXBuildFile; fileRef = C92291E32A8F8235006B7930 /* SceneDelegate.swift */; };
		C92291E62A8F8235006B7930 /* MovieListVC.swift in Sources */ = {isa = PBXBuildFile; fileRef = C92291E52A8F8235006B7930 /* MovieListVC.swift */; };
		C92291EB2A8F8236006B7930 /* Assets.xcassets in Resources */ = {isa = PBXBuildFile; fileRef = C92291EA2A8F8236006B7930 /* Assets.xcassets */; };
		C92291EE2A8F8236006B7930 /* LaunchScreen.storyboard in Resources */ = {isa = PBXBuildFile; fileRef = C92291EC2A8F8236006B7930 /* LaunchScreen.storyboard */; };
		C92291F72A8F8593006B7930 /* Movie.swift in Sources */ = {isa = PBXBuildFile; fileRef = C92291F62A8F8593006B7930 /* Movie.swift */; };
		C92291FB2A8F8632006B7930 /* NetworkManager.swift in Sources */ = {isa = PBXBuildFile; fileRef = C92291FA2A8F8632006B7930 /* NetworkManager.swift */; };
		C92291FE2A8F86DA006B7930 /* Constants.swift in Sources */ = {isa = PBXBuildFile; fileRef = C92291FD2A8F86DA006B7930 /* Constants.swift */; };
		C92292002A8F8D80006B7930 /* UIHelper.swift in Sources */ = {isa = PBXBuildFile; fileRef = C92291FF2A8F8D80006B7930 /* UIHelper.swift */; };
		C92292042A8F8E40006B7930 /* MovieCell.swift in Sources */ = {isa = PBXBuildFile; fileRef = C92292032A8F8E40006B7930 /* MovieCell.swift */; };
		C92292072A8F8EF5006B7930 /* AvatarImageView.swift in Sources */ = {isa = PBXBuildFile; fileRef = C92292062A8F8EF5006B7930 /* AvatarImageView.swift */; };
		C92292092A8F90DC006B7930 /* MovieDetailVC.swift in Sources */ = {isa = PBXBuildFile; fileRef = C92292082A8F90DC006B7930 /* MovieDetailVC.swift */; };
		C922920C2A8F9712006B7930 /* TitleLabel.swift in Sources */ = {isa = PBXBuildFile; fileRef = C922920B2A8F9711006B7930 /* TitleLabel.swift */; };
		C922920E2A8F9BA6006B7930 /* TabBarController.swift in Sources */ = {isa = PBXBuildFile; fileRef = C922920D2A8F9BA6006B7930 /* TabBarController.swift */; };
		C9AE5F412A9008F60044358A /* BodyLabel.swift in Sources */ = {isa = PBXBuildFile; fileRef = C9AE5F402A9008F60044358A /* BodyLabel.swift */; };
		C9AE5F432A9009020044358A /* SecondaryTitleLabel.swift in Sources */ = {isa = PBXBuildFile; fileRef = C9AE5F422A9009020044358A /* SecondaryTitleLabel.swift */; };
		C9AE5F462A9009FA0044358A /* UIView+Ext.swift in Sources */ = {isa = PBXBuildFile; fileRef = C9AE5F452A9009FA0044358A /* UIView+Ext.swift */; };
		C9AE5F512A92168E0044358A /* Genre.swift in Sources */ = {isa = PBXBuildFile; fileRef = C9AE5F502A92168D0044358A /* Genre.swift */; };
		C9AE5F532A9217760044358A /* APIService.swift in Sources */ = {isa = PBXBuildFile; fileRef = C9AE5F522A9217760044358A /* APIService.swift */; };
		C9AE5F582A93AE7B0044358A /* GFButton.swift in Sources */ = {isa = PBXBuildFile; fileRef = C9AE5F572A93AE7B0044358A /* GFButton.swift */; };
/* End PBXBuildFile section */

/* Begin PBXFileReference section */
		C92291DE2A8F8235006B7930 /* SearchMovieApp.app */ = {isa = PBXFileReference; explicitFileType = wrapper.application; includeInIndex = 0; path = SearchMovieApp.app; sourceTree = BUILT_PRODUCTS_DIR; };
		C92291E12A8F8235006B7930 /* AppDelegate.swift */ = {isa = PBXFileReference; lastKnownFileType = sourcecode.swift; path = AppDelegate.swift; sourceTree = "<group>"; };
		C92291E32A8F8235006B7930 /* SceneDelegate.swift */ = {isa = PBXFileReference; lastKnownFileType = sourcecode.swift; path = SceneDelegate.swift; sourceTree = "<group>"; };
		C92291E52A8F8235006B7930 /* MovieListVC.swift */ = {isa = PBXFileReference; lastKnownFileType = sourcecode.swift; path = MovieListVC.swift; sourceTree = "<group>"; };
		C92291EA2A8F8236006B7930 /* Assets.xcassets */ = {isa = PBXFileReference; lastKnownFileType = folder.assetcatalog; path = Assets.xcassets; sourceTree = "<group>"; };
		C92291ED2A8F8236006B7930 /* Base */ = {isa = PBXFileReference; lastKnownFileType = file.storyboard; name = Base; path = Base.lproj/LaunchScreen.storyboard; sourceTree = "<group>"; };
		C92291EF2A8F8236006B7930 /* Info.plist */ = {isa = PBXFileReference; lastKnownFileType = text.plist.xml; path = Info.plist; sourceTree = "<group>"; };
		C92291F62A8F8593006B7930 /* Movie.swift */ = {isa = PBXFileReference; lastKnownFileType = sourcecode.swift; path = Movie.swift; sourceTree = "<group>"; };
		C92291FA2A8F8632006B7930 /* NetworkManager.swift */ = {isa = PBXFileReference; lastKnownFileType = sourcecode.swift; path = NetworkManager.swift; sourceTree = "<group>"; };
		C92291FD2A8F86DA006B7930 /* Constants.swift */ = {isa = PBXFileReference; lastKnownFileType = sourcecode.swift; path = Constants.swift; sourceTree = "<group>"; };
		C92291FF2A8F8D80006B7930 /* UIHelper.swift */ = {isa = PBXFileReference; lastKnownFileType = sourcecode.swift; path = UIHelper.swift; sourceTree = "<group>"; };
		C92292032A8F8E40006B7930 /* MovieCell.swift */ = {isa = PBXFileReference; lastKnownFileType = sourcecode.swift; path = MovieCell.swift; sourceTree = "<group>"; };
		C92292062A8F8EF5006B7930 /* AvatarImageView.swift */ = {isa = PBXFileReference; lastKnownFileType = sourcecode.swift; path = AvatarImageView.swift; sourceTree = "<group>"; };
		C92292082A8F90DC006B7930 /* MovieDetailVC.swift */ = {isa = PBXFileReference; lastKnownFileType = sourcecode.swift; path = MovieDetailVC.swift; sourceTree = "<group>"; };
		C922920B2A8F9711006B7930 /* TitleLabel.swift */ = {isa = PBXFileReference; lastKnownFileType = sourcecode.swift; path = TitleLabel.swift; sourceTree = "<group>"; };
		C922920D2A8F9BA6006B7930 /* TabBarController.swift */ = {isa = PBXFileReference; lastKnownFileType = sourcecode.swift; path = TabBarController.swift; sourceTree = "<group>"; };
		C9AE5F402A9008F60044358A /* BodyLabel.swift */ = {isa = PBXFileReference; lastKnownFileType = sourcecode.swift; path = BodyLabel.swift; sourceTree = "<group>"; };
		C9AE5F422A9009020044358A /* SecondaryTitleLabel.swift */ = {isa = PBXFileReference; lastKnownFileType = sourcecode.swift; path = SecondaryTitleLabel.swift; sourceTree = "<group>"; };
		C9AE5F452A9009FA0044358A /* UIView+Ext.swift */ = {isa = PBXFileReference; lastKnownFileType = sourcecode.swift; path = "UIView+Ext.swift"; sourceTree = "<group>"; };
		C9AE5F502A92168D0044358A /* Genre.swift */ = {isa = PBXFileReference; lastKnownFileType = sourcecode.swift; path = Genre.swift; sourceTree = "<group>"; };
		C9AE5F522A9217760044358A /* APIService.swift */ = {isa = PBXFileReference; lastKnownFileType = sourcecode.swift; path = APIService.swift; sourceTree = "<group>"; };
		C9AE5F572A93AE7B0044358A /* GFButton.swift */ = {isa = PBXFileReference; lastKnownFileType = sourcecode.swift; path = GFButton.swift; sourceTree = "<group>"; };
/* End PBXFileReference section */

/* Begin PBXFrameworksBuildPhase section */
		C92291DB2A8F8235006B7930 /* Frameworks */ = {
			isa = PBXFrameworksBuildPhase;
			buildActionMask = 2147483647;
			files = (
			);
			runOnlyForDeploymentPostprocessing = 0;
		};
/* End PBXFrameworksBuildPhase section */

/* Begin PBXGroup section */
		C92291D52A8F8235006B7930 = {
			isa = PBXGroup;
			children = (
				C92291E02A8F8235006B7930 /* SearchMovieApp */,
				C92291DF2A8F8235006B7930 /* Products */,
			);
			sourceTree = "<group>";
		};
		C92291DF2A8F8235006B7930 /* Products */ = {
			isa = PBXGroup;
			children = (
				C92291DE2A8F8235006B7930 /* SearchMovieApp.app */,
			);
			name = Products;
			sourceTree = "<group>";
		};
		C92291E02A8F8235006B7930 /* SearchMovieApp */ = {
			isa = PBXGroup;
			children = (
				C92291E12A8F8235006B7930 /* AppDelegate.swift */,
				C92291E32A8F8235006B7930 /* SceneDelegate.swift */,
				C9AE5F442A9009E60044358A /* Extensions */,
				C92292012A8F8DA1006B7930 /* ViewComponents */,
				C92291FC2A8F86D5006B7930 /* Files */,
				C92291F92A8F8628006B7930 /* Networking */,
				C92291F82A8F85C1006B7930 /* Screens */,
				C92291F52A8F858C006B7930 /* Models */,
				C92291EA2A8F8236006B7930 /* Assets.xcassets */,
				C92291EC2A8F8236006B7930 /* LaunchScreen.storyboard */,
				C92291EF2A8F8236006B7930 /* Info.plist */,
			);
			path = SearchMovieApp;
			sourceTree = "<group>";
		};
		C92291F52A8F858C006B7930 /* Models */ = {
			isa = PBXGroup;
			children = (
				C92291F62A8F8593006B7930 /* Movie.swift */,
				C9AE5F502A92168D0044358A /* Genre.swift */,
			);
			path = Models;
			sourceTree = "<group>";
		};
		C92291F82A8F85C1006B7930 /* Screens */ = {
			isa = PBXGroup;
			children = (
				C92291E52A8F8235006B7930 /* MovieListVC.swift */,
				C92292082A8F90DC006B7930 /* MovieDetailVC.swift */,
			);
			path = Screens;
			sourceTree = "<group>";
		};
		C92291F92A8F8628006B7930 /* Networking */ = {
			isa = PBXGroup;
			children = (
				C92291FA2A8F8632006B7930 /* NetworkManager.swift */,
				C9AE5F522A9217760044358A /* APIService.swift */,
			);
			path = Networking;
			sourceTree = "<group>";
		};
		C92291FC2A8F86D5006B7930 /* Files */ = {
			isa = PBXGroup;
			children = (
				C92291FD2A8F86DA006B7930 /* Constants.swift */,
				C92291FF2A8F8D80006B7930 /* UIHelper.swift */,
			);
			path = Files;
			sourceTree = "<group>";
		};
		C92292012A8F8DA1006B7930 /* ViewComponents */ = {
			isa = PBXGroup;
			children = (
				C922920D2A8F9BA6006B7930 /* TabBarController.swift */,
				C9AE5F562A93AE6B0044358A /* Buttons */,
				C922920A2A8F9701006B7930 /* Labels */,
				C92292052A8F8EDA006B7930 /* Views */,
				C92292022A8F8DE2006B7930 /* Cells */,
			);
			path = ViewComponents;
			sourceTree = "<group>";
		};
		C92292022A8F8DE2006B7930 /* Cells */ = {
			isa = PBXGroup;
			children = (
				C92292032A8F8E40006B7930 /* MovieCell.swift */,
			);
			path = Cells;
			sourceTree = "<group>";
		};
		C92292052A8F8EDA006B7930 /* Views */ = {
			isa = PBXGroup;
			children = (
				C92292062A8F8EF5006B7930 /* AvatarImageView.swift */,
			);
			path = Views;
			sourceTree = "<group>";
		};
		C922920A2A8F9701006B7930 /* Labels */ = {
			isa = PBXGroup;
			children = (
				C922920B2A8F9711006B7930 /* TitleLabel.swift */,
				C9AE5F402A9008F60044358A /* BodyLabel.swift */,
				C9AE5F422A9009020044358A /* SecondaryTitleLabel.swift */,
			);
			path = Labels;
			sourceTree = "<group>";
		};
		C9AE5F442A9009E60044358A /* Extensions */ = {
			isa = PBXGroup;
			children = (
				C9AE5F452A9009FA0044358A /* UIView+Ext.swift */,
			);
			path = Extensions;
			sourceTree = "<group>";
		};
		C9AE5F562A93AE6B0044358A /* Buttons */ = {
			isa = PBXGroup;
			children = (
				C9AE5F572A93AE7B0044358A /* GFButton.swift */,
			);
			path = Buttons;
			sourceTree = "<group>";
		};
/* End PBXGroup section */

/* Begin PBXNativeTarget section */
		C92291DD2A8F8235006B7930 /* SearchMovieApp */ = {
			isa = PBXNativeTarget;
			buildConfigurationList = C92291F22A8F8236006B7930 /* Build configuration list for PBXNativeTarget "SearchMovieApp" */;
			buildPhases = (
				C92291DA2A8F8235006B7930 /* Sources */,
				C92291DB2A8F8235006B7930 /* Frameworks */,
				C92291DC2A8F8235006B7930 /* Resources */,
			);
			buildRules = (
			);
			dependencies = (
			);
			name = SearchMovieApp;
			productName = SearchMovieApp;
			productReference = C92291DE2A8F8235006B7930 /* SearchMovieApp.app */;
			productType = "com.apple.product-type.application";
		};
/* End PBXNativeTarget section */

/* Begin PBXProject section */
		C92291D62A8F8235006B7930 /* Project object */ = {
			isa = PBXProject;
			attributes = {
				BuildIndependentTargetsInParallel = 1;
				LastSwiftUpdateCheck = 1430;
				LastUpgradeCheck = 1430;
				TargetAttributes = {
					C92291DD2A8F8235006B7930 = {
						CreatedOnToolsVersion = 14.3.1;
					};
				};
			};
			buildConfigurationList = C92291D92A8F8235006B7930 /* Build configuration list for PBXProject "SearchMovieApp" */;
			compatibilityVersion = "Xcode 14.0";
			developmentRegion = en;
			hasScannedForEncodings = 0;
			knownRegions = (
				en,
				Base,
			);
			mainGroup = C92291D52A8F8235006B7930;
			productRefGroup = C92291DF2A8F8235006B7930 /* Products */;
			projectDirPath = "";
			projectRoot = "";
			targets = (
				C92291DD2A8F8235006B7930 /* SearchMovieApp */,
			);
		};
/* End PBXProject section */

/* Begin PBXResourcesBuildPhase section */
		C92291DC2A8F8235006B7930 /* Resources */ = {
			isa = PBXResourcesBuildPhase;
			buildActionMask = 2147483647;
			files = (
				C92291EE2A8F8236006B7930 /* LaunchScreen.storyboard in Resources */,
				C92291EB2A8F8236006B7930 /* Assets.xcassets in Resources */,
			);
			runOnlyForDeploymentPostprocessing = 0;
		};
/* End PBXResourcesBuildPhase section */

/* Begin PBXSourcesBuildPhase section */
		C92291DA2A8F8235006B7930 /* Sources */ = {
			isa = PBXSourcesBuildPhase;
			buildActionMask = 2147483647;
			files = (
				C9AE5F432A9009020044358A /* SecondaryTitleLabel.swift in Sources */,
				C9AE5F532A9217760044358A /* APIService.swift in Sources */,
				C92292072A8F8EF5006B7930 /* AvatarImageView.swift in Sources */,
				C9AE5F462A9009FA0044358A /* UIView+Ext.swift in Sources */,
				C92291E62A8F8235006B7930 /* MovieListVC.swift in Sources */,
				C92291E22A8F8235006B7930 /* AppDelegate.swift in Sources */,
				C92292042A8F8E40006B7930 /* MovieCell.swift in Sources */,
				C922920C2A8F9712006B7930 /* TitleLabel.swift in Sources */,
				C92291FB2A8F8632006B7930 /* NetworkManager.swift in Sources */,
				C92291F72A8F8593006B7930 /* Movie.swift in Sources */,
				C9AE5F512A92168E0044358A /* Genre.swift in Sources */,
				C9AE5F412A9008F60044358A /* BodyLabel.swift in Sources */,
				C92292092A8F90DC006B7930 /* MovieDetailVC.swift in Sources */,
				C92291E42A8F8235006B7930 /* SceneDelegate.swift in Sources */,
				C9AE5F582A93AE7B0044358A /* GFButton.swift in Sources */,
				C92291FE2A8F86DA006B7930 /* Constants.swift in Sources */,
				C922920E2A8F9BA6006B7930 /* TabBarController.swift in Sources */,
				C92292002A8F8D80006B7930 /* UIHelper.swift in Sources */,
			);
			runOnlyForDeploymentPostprocessing = 0;
		};
/* End PBXSourcesBuildPhase section */

/* Begin PBXVariantGroup section */
		C92291EC2A8F8236006B7930 /* LaunchScreen.storyboard */ = {
			isa = PBXVariantGroup;
			children = (
				C92291ED2A8F8236006B7930 /* Base */,
			);
			name = LaunchScreen.storyboard;
			sourceTree = "<group>";
		};
/* End PBXVariantGroup section */

/* Begin XCBuildConfiguration section */
		C92291F02A8F8236006B7930 /* Debug */ = {
			isa = XCBuildConfiguration;
			buildSettings = {
				ALWAYS_SEARCH_USER_PATHS = NO;
				CLANG_ANALYZER_NONNULL = YES;
				CLANG_ANALYZER_NUMBER_OBJECT_CONVERSION = YES_AGGRESSIVE;
				CLANG_CXX_LANGUAGE_STANDARD = "gnu++20";
				CLANG_ENABLE_MODULES = YES;
				CLANG_ENABLE_OBJC_ARC = YES;
				CLANG_ENABLE_OBJC_WEAK = YES;
				CLANG_WARN_BLOCK_CAPTURE_AUTORELEASING = YES;
				CLANG_WARN_BOOL_CONVERSION = YES;
				CLANG_WARN_COMMA = YES;
				CLANG_WARN_CONSTANT_CONVERSION = YES;
				CLANG_WARN_DEPRECATED_OBJC_IMPLEMENTATIONS = YES;
				CLANG_WARN_DIRECT_OBJC_ISA_USAGE = YES_ERROR;
				CLANG_WARN_DOCUMENTATION_COMMENTS = YES;
				CLANG_WARN_EMPTY_BODY = YES;
				CLANG_WARN_ENUM_CONVERSION = YES;
				CLANG_WARN_INFINITE_RECURSION = YES;
				CLANG_WARN_INT_CONVERSION = YES;
				CLANG_WARN_NON_LITERAL_NULL_CONVERSION = YES;
				CLANG_WARN_OBJC_IMPLICIT_RETAIN_SELF = YES;
				CLANG_WARN_OBJC_LITERAL_CONVERSION = YES;
				CLANG_WARN_OBJC_ROOT_CLASS = YES_ERROR;
				CLANG_WARN_QUOTED_INCLUDE_IN_FRAMEWORK_HEADER = YES;
				CLANG_WARN_RANGE_LOOP_ANALYSIS = YES;
				CLANG_WARN_STRICT_PROTOTYPES = YES;
				CLANG_WARN_SUSPICIOUS_MOVE = YES;
				CLANG_WARN_UNGUARDED_AVAILABILITY = YES_AGGRESSIVE;
				CLANG_WARN_UNREACHABLE_CODE = YES;
				CLANG_WARN__DUPLICATE_METHOD_MATCH = YES;
				COPY_PHASE_STRIP = NO;
				DEBUG_INFORMATION_FORMAT = dwarf;
				ENABLE_STRICT_OBJC_MSGSEND = YES;
				ENABLE_TESTABILITY = YES;
				GCC_C_LANGUAGE_STANDARD = gnu11;
				GCC_DYNAMIC_NO_PIC = NO;
				GCC_NO_COMMON_BLOCKS = YES;
				GCC_OPTIMIZATION_LEVEL = 0;
				GCC_PREPROCESSOR_DEFINITIONS = (
					"DEBUG=1",
					"$(inherited)",
				);
				GCC_WARN_64_TO_32_BIT_CONVERSION = YES;
				GCC_WARN_ABOUT_RETURN_TYPE = YES_ERROR;
				GCC_WARN_UNDECLARED_SELECTOR = YES;
				GCC_WARN_UNINITIALIZED_AUTOS = YES_AGGRESSIVE;
				GCC_WARN_UNUSED_FUNCTION = YES;
				GCC_WARN_UNUSED_VARIABLE = YES;
				IPHONEOS_DEPLOYMENT_TARGET = 16.4;
				MTL_ENABLE_DEBUG_INFO = INCLUDE_SOURCE;
				MTL_FAST_MATH = YES;
				ONLY_ACTIVE_ARCH = YES;
				SDKROOT = iphoneos;
				SWIFT_ACTIVE_COMPILATION_CONDITIONS = DEBUG;
				SWIFT_OPTIMIZATION_LEVEL = "-Onone";
			};
			name = Debug;
		};
		C92291F12A8F8236006B7930 /* Release */ = {
			isa = XCBuildConfiguration;
			buildSettings = {
				ALWAYS_SEARCH_USER_PATHS = NO;
				CLANG_ANALYZER_NONNULL = YES;
				CLANG_ANALYZER_NUMBER_OBJECT_CONVERSION = YES_AGGRESSIVE;
				CLANG_CXX_LANGUAGE_STANDARD = "gnu++20";
				CLANG_ENABLE_MODULES = YES;
				CLANG_ENABLE_OBJC_ARC = YES;
				CLANG_ENABLE_OBJC_WEAK = YES;
				CLANG_WARN_BLOCK_CAPTURE_AUTORELEASING = YES;
				CLANG_WARN_BOOL_CONVERSION = YES;
				CLANG_WARN_COMMA = YES;
				CLANG_WARN_CONSTANT_CONVERSION = YES;
				CLANG_WARN_DEPRECATED_OBJC_IMPLEMENTATIONS = YES;
				CLANG_WARN_DIRECT_OBJC_ISA_USAGE = YES_ERROR;
				CLANG_WARN_DOCUMENTATION_COMMENTS = YES;
				CLANG_WARN_EMPTY_BODY = YES;
				CLANG_WARN_ENUM_CONVERSION = YES;
				CLANG_WARN_INFINITE_RECURSION = YES;
				CLANG_WARN_INT_CONVERSION = YES;
				CLANG_WARN_NON_LITERAL_NULL_CONVERSION = YES;
				CLANG_WARN_OBJC_IMPLICIT_RETAIN_SELF = YES;
				CLANG_WARN_OBJC_LITERAL_CONVERSION = YES;
				CLANG_WARN_OBJC_ROOT_CLASS = YES_ERROR;
				CLANG_WARN_QUOTED_INCLUDE_IN_FRAMEWORK_HEADER = YES;
				CLANG_WARN_RANGE_LOOP_ANALYSIS = YES;
				CLANG_WARN_STRICT_PROTOTYPES = YES;
				CLANG_WARN_SUSPICIOUS_MOVE = YES;
				CLANG_WARN_UNGUARDED_AVAILABILITY = YES_AGGRESSIVE;
				CLANG_WARN_UNREACHABLE_CODE = YES;
				CLANG_WARN__DUPLICATE_METHOD_MATCH = YES;
				COPY_PHASE_STRIP = NO;
				DEBUG_INFORMATION_FORMAT = "dwarf-with-dsym";
				ENABLE_NS_ASSERTIONS = NO;
				ENABLE_STRICT_OBJC_MSGSEND = YES;
				GCC_C_LANGUAGE_STANDARD = gnu11;
				GCC_NO_COMMON_BLOCKS = YES;
				GCC_WARN_64_TO_32_BIT_CONVERSION = YES;
				GCC_WARN_ABOUT_RETURN_TYPE = YES_ERROR;
				GCC_WARN_UNDECLARED_SELECTOR = YES;
				GCC_WARN_UNINITIALIZED_AUTOS = YES_AGGRESSIVE;
				GCC_WARN_UNUSED_FUNCTION = YES;
				GCC_WARN_UNUSED_VARIABLE = YES;
				IPHONEOS_DEPLOYMENT_TARGET = 16.4;
				MTL_ENABLE_DEBUG_INFO = NO;
				MTL_FAST_MATH = YES;
				SDKROOT = iphoneos;
				SWIFT_COMPILATION_MODE = wholemodule;
				SWIFT_OPTIMIZATION_LEVEL = "-O";
				VALIDATE_PRODUCT = YES;
			};
			name = Release;
		};
		C92291F32A8F8236006B7930 /* Debug */ = {
			isa = XCBuildConfiguration;
			buildSettings = {
				ASSETCATALOG_COMPILER_APPICON_NAME = AppIcon;
				ASSETCATALOG_COMPILER_GLOBAL_ACCENT_COLOR_NAME = AccentColor;
				CODE_SIGN_STYLE = Automatic;
				CURRENT_PROJECT_VERSION = 1;
				DEVELOPMENT_TEAM = G8MSA22VSU;
				GENERATE_INFOPLIST_FILE = YES;
				INFOPLIST_FILE = SearchMovieApp/Info.plist;
				INFOPLIST_KEY_UIApplicationSupportsIndirectInputEvents = YES;
				INFOPLIST_KEY_UILaunchStoryboardName = LaunchScreen;
				INFOPLIST_KEY_UISupportedInterfaceOrientations_iPad = "UIInterfaceOrientationPortrait UIInterfaceOrientationPortraitUpsideDown UIInterfaceOrientationLandscapeLeft UIInterfaceOrientationLandscapeRight";
				INFOPLIST_KEY_UISupportedInterfaceOrientations_iPhone = "UIInterfaceOrientationPortrait UIInterfaceOrientationLandscapeLeft UIInterfaceOrientationLandscapeRight";
				IPHONEOS_DEPLOYMENT_TARGET = 15.0;
				LD_RUNPATH_SEARCH_PATHS = (
					"$(inherited)",
					"@executable_path/Frameworks",
				);
				MARKETING_VERSION = 1.0;
				PRODUCT_BUNDLE_IDENTIFIER = com.alpaycalalli.SearchMovieApp;
				PRODUCT_NAME = "$(TARGET_NAME)";
				SWIFT_EMIT_LOC_STRINGS = YES;
				SWIFT_VERSION = 5.0;
				TARGETED_DEVICE_FAMILY = "1,2";
			};
			name = Debug;
		};
		C92291F42A8F8236006B7930 /* Release */ = {
			isa = XCBuildConfiguration;
			buildSettings = {
				ASSETCATALOG_COMPILER_APPICON_NAME = AppIcon;
				ASSETCATALOG_COMPILER_GLOBAL_ACCENT_COLOR_NAME = AccentColor;
				CODE_SIGN_STYLE = Automatic;
				CURRENT_PROJECT_VERSION = 1;
				DEVELOPMENT_TEAM = G8MSA22VSU;
				GENERATE_INFOPLIST_FILE = YES;
				INFOPLIST_FILE = SearchMovieApp/Info.plist;
				INFOPLIST_KEY_UIApplicationSupportsIndirectInputEvents = YES;
				INFOPLIST_KEY_UILaunchStoryboardName = LaunchScreen;
				INFOPLIST_KEY_UISupportedInterfaceOrientations_iPad = "UIInterfaceOrientationPortrait UIInterfaceOrientationPortraitUpsideDown UIInterfaceOrientationLandscapeLeft UIInterfaceOrientationLandscapeRight";
				INFOPLIST_KEY_UISupportedInterfaceOrientations_iPhone = "UIInterfaceOrientationPortrait UIInterfaceOrientationLandscapeLeft UIInterfaceOrientationLandscapeRight";
				IPHONEOS_DEPLOYMENT_TARGET = 15.0;
				LD_RUNPATH_SEARCH_PATHS = (
					"$(inherited)",
					"@executable_path/Frameworks",
				);
				MARKETING_VERSION = 1.0;
				PRODUCT_BUNDLE_IDENTIFIER = com.alpaycalalli.SearchMovieApp;
				PRODUCT_NAME = "$(TARGET_NAME)";
				SWIFT_EMIT_LOC_STRINGS = YES;
				SWIFT_VERSION = 5.0;
				TARGETED_DEVICE_FAMILY = "1,2";
			};
			name = Release;
		};
/* End XCBuildConfiguration section */

/* Begin XCConfigurationList section */
		C92291D92A8F8235006B7930 /* Build configuration list for PBXProject "SearchMovieApp" */ = {
			isa = XCConfigurationList;
			buildConfigurations = (
				C92291F02A8F8236006B7930 /* Debug */,
				C92291F12A8F8236006B7930 /* Release */,
			);
			defaultConfigurationIsVisible = 0;
			defaultConfigurationName = Release;
		};
		C92291F22A8F8236006B7930 /* Build configuration list for PBXNativeTarget "SearchMovieApp" */ = {
			isa = XCConfigurationList;
			buildConfigurations = (
				C92291F32A8F8236006B7930 /* Debug */,
				C92291F42A8F8236006B7930 /* Release */,
			);
			defaultConfigurationIsVisible = 0;
			defaultConfigurationName = Release;
		};
/* End XCConfigurationList section */
	};
	rootObject = C92291D62A8F8235006B7930 /* Project object */;
}
